// !$*UTF8*$!
{
	archiveVersion = 1;
	classes = {
	};
	objectVersion = 48;
	objects = {

/* Begin PBXBuildFile section */
		D9DDAD551FE87D1B0041592A /* AppDelegate.swift in Sources */ = {isa = PBXBuildFile; fileRef = D9DDAD541FE87D1B0041592A /* AppDelegate.swift */; };
		D9DDAD571FE87D1B0041592A /* ViewController.swift in Sources */ = {isa = PBXBuildFile; fileRef = D9DDAD561FE87D1B0041592A /* ViewController.swift */; };
		D9DDAD5A1FE87D1B0041592A /* Main.storyboard in Resources */ = {isa = PBXBuildFile; fileRef = D9DDAD581FE87D1B0041592A /* Main.storyboard */; };
		D9DDAD5C1FE87D1B0041592A /* Assets.xcassets in Resources */ = {isa = PBXBuildFile; fileRef = D9DDAD5B1FE87D1B0041592A /* Assets.xcassets */; };
		D9DDAD5F1FE87D1B0041592A /* LaunchScreen.storyboard in Resources */ = {isa = PBXBuildFile; fileRef = D9DDAD5D1FE87D1B0041592A /* LaunchScreen.storyboard */; };
/* End PBXBuildFile section */

/* Begin PBXFileReference section */
		D9DDAD511FE87D1B0041592A /* RecordCalculator.app */ = {isa = PBXFileReference; explicitFileType = wrapper.application; includeInIndex = 0; path = RecordCalculator.app; sourceTree = BUILT_PRODUCTS_DIR; };
		D9DDAD541FE87D1B0041592A /* AppDelegate.swift */ = {isa = PBXFileReference; lastKnownFileType = sourcecode.swift; path = AppDelegate.swift; sourceTree = "<group>"; };
		D9DDAD561FE87D1B0041592A /* ViewController.swift */ = {isa = PBXFileReference; lastKnownFileType = sourcecode.swift; path = ViewController.swift; sourceTree = "<group>"; };
		D9DDAD591FE87D1B0041592A /* Base */ = {isa = PBXFileReference; lastKnownFileType = file.storyboard; name = Base; path = Base.lproj/Main.storyboard; sourceTree = "<group>"; };
		D9DDAD5B1FE87D1B0041592A /* Assets.xcassets */ = {isa = PBXFileReference; lastKnownFileType = folder.assetcatalog; path = Assets.xcassets; sourceTree = "<group>"; };
		D9DDAD5E1FE87D1B0041592A /* Base */ = {isa = PBXFileReference; lastKnownFileType = file.storyboard; name = Base; path = Base.lproj/LaunchScreen.storyboard; sourceTree = "<group>"; };
		D9DDAD601FE87D1B0041592A /* Info.plist */ = {isa = PBXFileReference; lastKnownFileType = text.plist.xml; path = Info.plist; sourceTree = "<group>"; };
/* End PBXFileReference section */

/* Begin PBXFrameworksBuildPhase section */
		D9DDAD4E1FE87D1B0041592A /* Frameworks */ = {
			isa = PBXFrameworksBuildPhase;
			buildActionMask = 2147483647;
			files = (
			);
			runOnlyForDeploymentPostprocessing = 0;
		};
/* End PBXFrameworksBuildPhase section */

/* Begin PBXGroup section */
		D9DDAD481FE87D1B0041592A = {
			isa = PBXGroup;
			children = (
				D9DDAD531FE87D1B0041592A /* RecordCalculator */,
				D9DDAD521FE87D1B0041592A /* Products */,
			);
			sourceTree = "<group>";
		};
		D9DDAD521FE87D1B0041592A /* Products */ = {
			isa = PBXGroup;
			children = (
				D9DDAD511FE87D1B0041592A /* RecordCalculator.app */,
			);
			name = Products;
			sourceTree = "<group>";
		};
		D9DDAD531FE87D1B0041592A /* RecordCalculator */ = {
			isa = PBXGroup;
			children = (
				D9DDAD561FE87D1B0041592A /* ViewController.swift */,
				D9DDAD581FE87D1B0041592A /* Main.storyboard */,
				D9DDAD601FE87D1B0041592A /* Info.plist */,
				D9DDAD661FE87D3E0041592A /* Supporting */,
			);
			path = RecordCalculator;
			sourceTree = "<group>";
		};
		D9DDAD661FE87D3E0041592A /* Supporting */ = {
			isa = PBXGroup;
			children = (
				D9DDAD541FE87D1B0041592A /* AppDelegate.swift */,
				D9DDAD5B1FE87D1B0041592A /* Assets.xcassets */,
				D9DDAD5D1FE87D1B0041592A /* LaunchScreen.storyboard */,
			);
			path = Supporting;
			sourceTree = "<group>";
		};
/* End PBXGroup section */

/* Begin PBXNativeTarget section */
		D9DDAD501FE87D1B0041592A /* RecordCalculator */ = {
			isa = PBXNativeTarget;
			buildConfigurationList = D9DDAD631FE87D1B0041592A /* Build configuration list for PBXNativeTarget "RecordCalculator" */;
			buildPhases = (
				D9DDAD4D1FE87D1B0041592A /* Sources */,
				D9DDAD4E1FE87D1B0041592A /* Frameworks */,
				D9DDAD4F1FE87D1B0041592A /* Resources */,
			);
			buildRules = (
			);
			dependencies = (
			);
			name = RecordCalculator;
			productName = RecordCalculator;
			productReference = D9DDAD511FE87D1B0041592A /* RecordCalculator.app */;
			productType = "com.apple.product-type.application";
		};
/* End PBXNativeTarget section */

/* Begin PBXProject section */
		D9DDAD491FE87D1B0041592A /* Project object */ = {
			isa = PBXProject;
			attributes = {
				LastSwiftUpdateCheck = 0910;
				LastUpgradeCheck = 0910;
				ORGANIZATIONNAME = licong;
				TargetAttributes = {
					D9DDAD501FE87D1B0041592A = {
						CreatedOnToolsVersion = 9.1;
						ProvisioningStyle = Manual;
					};
				};
			};
			buildConfigurationList = D9DDAD4C1FE87D1B0041592A /* Build configuration list for PBXProject "RecordCalculator" */;
			compatibilityVersion = "Xcode 8.0";
			developmentRegion = en;
			hasScannedForEncodings = 0;
			knownRegions = (
				en,
				Base,
			);
			mainGroup = D9DDAD481FE87D1B0041592A;
			productRefGroup = D9DDAD521FE87D1B0041592A /* Products */;
			projectDirPath = "";
			projectRoot = "";
			targets = (
				D9DDAD501FE87D1B0041592A /* RecordCalculator */,
			);
		};
/* End PBXProject section */

/* Begin PBXResourcesBuildPhase section */
		D9DDAD4F1FE87D1B0041592A /* Resources */ = {
			isa = PBXResourcesBuildPhase;
			buildActionMask = 2147483647;
			files = (
				D9DDAD5F1FE87D1B0041592A /* LaunchScreen.storyboard in Resources */,
				D9DDAD5C1FE87D1B0041592A /* Assets.xcassets in Resources */,
				D9DDAD5A1FE87D1B0041592A /* Main.storyboard in Resources */,
			);
			runOnlyForDeploymentPostprocessing = 0;
		};
/* End PBXResourcesBuildPhase section */

/* Begin PBXSourcesBuildPhase section */
		D9DDAD4D1FE87D1B0041592A /* Sources */ = {
			isa = PBXSourcesBuildPhase;
			buildActionMask = 2147483647;
			files = (
				D9DDAD571FE87D1B0041592A /* ViewController.swift in Sources */,
				D9DDAD551FE87D1B0041592A /* AppDelegate.swift in Sources */,
			);
			runOnlyForDeploymentPostprocessing = 0;
		};
/* End PBXSourcesBuildPhase section */

/* Begin PBXVariantGroup section */
		D9DDAD581FE87D1B0041592A /* Main.storyboard */ = {
			isa = PBXVariantGroup;
			children = (
				D9DDAD591FE87D1B0041592A /* Base */,
			);
			name = Main.storyboard;
			sourceTree = "<group>";
		};
		D9DDAD5D1FE87D1B0041592A /* LaunchScreen.storyboard */ = {
			isa = PBXVariantGroup;
			children = (
				D9DDAD5E1FE87D1B0041592A /* Base */,
			);
			name = LaunchScreen.storyboard;
			sourceTree = "<group>";
		};
/* End PBXVariantGroup section */

/* Begin XCBuildConfiguration section */
		D9DDAD611FE87D1B0041592A /* Debug */ = {
			isa = XCBuildConfiguration;
			buildSettings = {
				ALWAYS_SEARCH_USER_PATHS = NO;
				CLANG_ANALYZER_NONNULL = YES;
				CLANG_ANALYZER_NUMBER_OBJECT_CONVERSION = YES_AGGRESSIVE;
				CLANG_CXX_LANGUAGE_STANDARD = "gnu++14";
				CLANG_CXX_LIBRARY = "libc++";
				CLANG_ENABLE_MODULES = YES;
				CLANG_ENABLE_OBJC_ARC = YES;
				CLANG_WARN_BLOCK_CAPTURE_AUTORELEASING = YES;
				CLANG_WARN_BOOL_CONVERSION = YES;
				CLANG_WARN_COMMA = YES;
				CLANG_WARN_CONSTANT_CONVERSION = YES;
				CLANG_WARN_DIRECT_OBJC_ISA_USAGE = YES_ERROR;
				CLANG_WARN_DOCUMENTATION_COMMENTS = YES;
				CLANG_WARN_EMPTY_BODY = YES;
				CLANG_WARN_ENUM_CONVERSION = YES;
				CLANG_WARN_INFINITE_RECURSION = YES;
				CLANG_WARN_INT_CONVERSION = YES;
				CLANG_WARN_NON_LITERAL_NULL_CONVERSION = YES;
				CLANG_WARN_OBJC_LITERAL_CONVERSION = YES;
				CLANG_WARN_OBJC_ROOT_CLASS = YES_ERROR;
				CLANG_WARN_RANGE_LOOP_ANALYSIS = YES;
				CLANG_WARN_STRICT_PROTOTYPES = YES;
				CLANG_WARN_SUSPICIOUS_MOVE = YES;
				CLANG_WARN_UNGUARDED_AVAILABILITY = YES_AGGRESSIVE;
				CLANG_WARN_UNREACHABLE_CODE = YES;
				CLANG_WARN__DUPLICATE_METHOD_MATCH = YES;
				CODE_SIGN_IDENTITY = "iPhone Developer";
				COPY_PHASE_STRIP = NO;
				DEBUG_INFORMATION_FORMAT = dwarf;
				ENABLE_STRICT_OBJC_MSGSEND = YES;
				ENABLE_TESTABILITY = YES;
				GCC_C_LANGUAGE_STANDARD = gnu11;
				GCC_DYNAMIC_NO_PIC = NO;
				GCC_NO_COMMON_BLOCKS = YES;
				GCC_OPTIMIZATION_LEVEL = 0;
				GCC_PREPROCESSOR_DEFINITIONS = (
					"DEBUG=1",
					"$(inherited)",
				);
				GCC_WARN_64_TO_32_BIT_CONVERSION = YES;
				GCC_WARN_ABOUT_RETURN_TYPE = YES_ERROR;
				GCC_WARN_UNDECLARED_SELECTOR = YES;
				GCC_WARN_UNINITIALIZED_AUTOS = YES_AGGRESSIVE;
				GCC_WARN_UNUSED_FUNCTION = YES;
				GCC_WARN_UNUSED_VARIABLE = YES;
				IPHONEOS_DEPLOYMENT_TARGET = 11.1;
				MTL_ENABLE_DEBUG_INFO = YES;
				ONLY_ACTIVE_ARCH = YES;
				SDKROOT = iphoneos;
				SWIFT_ACTIVE_COMPILATION_CONDITIONS = DEBUG;
				SWIFT_OPTIMIZATION_LEVEL = "-Onone";
			};
			name = Debug;
		};
		D9DDAD621FE87D1B0041592A /* Release */ = {
			isa = XCBuildConfiguration;
			buildSettings = {
				ALWAYS_SEARCH_USER_PATHS = NO;
				CLANG_ANALYZER_NONNULL = YES;
				CLANG_ANALYZER_NUMBER_OBJECT_CONVERSION = YES_AGGRESSIVE;
				CLANG_CXX_LANGUAGE_STANDARD = "gnu++14";
				CLANG_CXX_LIBRARY = "libc++";
				CLANG_ENABLE_MODULES = YES;
				CLANG_ENABLE_OBJC_ARC = YES;
				CLANG_WARN_BLOCK_CAPTURE_AUTORELEASING = YES;
				CLANG_WARN_BOOL_CONVERSION = YES;
				CLANG_WARN_COMMA = YES;
				CLANG_WARN_CONSTANT_CONVERSION = YES;
				CLANG_WARN_DIRECT_OBJC_ISA_USAGE = YES_ERROR;
				CLANG_WARN_DOCUMENTATION_COMMENTS = YES;
				CLANG_WARN_EMPTY_BODY = YES;
				CLANG_WARN_ENUM_CONVERSION = YES;
				CLANG_WARN_INFINITE_RECURSION = YES;
				CLANG_WARN_INT_CONVERSION = YES;
				CLANG_WARN_NON_LITERAL_NULL_CONVERSION = YES;
				CLANG_WARN_OBJC_LITERAL_CONVERSION = YES;
				CLANG_WARN_OBJC_ROOT_CLASS = YES_ERROR;
				CLANG_WARN_RANGE_LOOP_ANALYSIS = YES;
				CLANG_WARN_STRICT_PROTOTYPES = YES;
				CLANG_WARN_SUSPICIOUS_MOVE = YES;
				CLANG_WARN_UNGUARDED_AVAILABILITY = YES_AGGRESSIVE;
				CLANG_WARN_UNREACHABLE_CODE = YES;
				CLANG_WARN__DUPLICATE_METHOD_MATCH = YES;
				CODE_SIGN_IDENTITY = "iPhone Developer";
				COPY_PHASE_STRIP = NO;
				DEBUG_INFORMATION_FORMAT = "dwarf-with-dsym";
				ENABLE_NS_ASSERTIONS = NO;
				ENABLE_STRICT_OBJC_MSGSEND = YES;
				GCC_C_LANGUAGE_STANDARD = gnu11;
				GCC_NO_COMMON_BLOCKS = YES;
				GCC_WARN_64_TO_32_BIT_CONVERSION = YES;
				GCC_WARN_ABOUT_RETURN_TYPE = YES_ERROR;
				GCC_WARN_UNDECLARED_SELECTOR = YES;
				GCC_WARN_UNINITIALIZED_AUTOS = YES_AGGRESSIVE;
				GCC_WARN_UNUSED_FUNCTION = YES;
				GCC_WARN_UNUSED_VARIABLE = YES;
				IPHONEOS_DEPLOYMENT_TARGET = 11.1;
				MTL_ENABLE_DEBUG_INFO = NO;
				SDKROOT = iphoneos;
				SWIFT_OPTIMIZATION_LEVEL = "-Owholemodule";
				VALIDATE_PRODUCT = YES;
			};
			name = Release;
		};
		D9DDAD641FE87D1B0041592A /* Debug */ = {
			isa = XCBuildConfiguration;
			buildSettings = {
				ASSETCATALOG_COMPILER_APPICON_NAME = AppIcon;
				CODE_SIGN_STYLE = Manual;
				DEVELOPMENT_TEAM = "";
				INFOPLIST_FILE = RecordCalculator/Info.plist;
				LD_RUNPATH_SEARCH_PATHS = "$(inherited) @executable_path/Frameworks";
				PRODUCT_BUNDLE_IDENTIFIER = licong.com.RecordCalculator;
				PRODUCT_NAME = "$(TARGET_NAME)";
				PROVISIONING_PROFILE_SPECIFIER = "";
				SWIFT_VERSION = 4.0;
				TARGETED_DEVICE_FAMILY = "1,2";
			};
			name = Debug;
		};
		D9DDAD651FE87D1B0041592A /* Release */ = {
			isa = XCBuildConfiguration;
			buildSettings = {
				ASSETCATALOG_COMPILER_APPICON_NAME = AppIcon;
				CODE_SIGN_STYLE = Manual;
				DEVELOPMENT_TEAM = "";
				INFOPLIST_FILE = RecordCalculator/Info.plist;
				LD_RUNPATH_SEARCH_PATHS = "$(inherited) @executable_path/Frameworks";
				PRODUCT_BUNDLE_IDENTIFIER = licong.com.RecordCalculator;
				PRODUCT_NAME = "$(TARGET_NAME)";
				PROVISIONING_PROFILE_SPECIFIER = "";
				SWIFT_VERSION = 4.0;
				TARGETED_DEVICE_FAMILY = "1,2";
			};
			name = Release;
		};
/* End XCBuildConfiguration section */

/* Begin XCConfigurationList section */
		D9DDAD4C1FE87D1B0041592A /* Build configuration list for PBXProject "RecordCalculator" */ = {
			isa = XCConfigurationList;
			buildConfigurations = (
				D9DDAD611FE87D1B0041592A /* Debug */,
				D9DDAD621FE87D1B0041592A /* Release */,
			);
			defaultConfigurationIsVisible = 0;
			defaultConfigurationName = Release;
		};
		D9DDAD631FE87D1B0041592A /* Build configuration list for PBXNativeTarget "RecordCalculator" */ = {
			isa = XCConfigurationList;
			buildConfigurations = (
				D9DDAD641FE87D1B0041592A /* Debug */,
				D9DDAD651FE87D1B0041592A /* Release */,
			);
			defaultConfigurationIsVisible = 0;
			defaultConfigurationName = Release;
		};
/* End XCConfigurationList section */
	};
	rootObject = D9DDAD491FE87D1B0041592A /* Project object */;
}
